# This file is automatically @generated by Cargo.
# It is not intended for manual editing.
[[package]]
name = "cc"
version = "1.0.40"
source = "registry+https://github.com/rust-lang/crates.io-index"

[[package]]
name = "tess2"
version = "0.3.0"
dependencies = [
 "tess2-sys 0.0.1 (git+https://github.com/piaoger/tess2-sys.git?branch=devel)",
]

[[package]]
name = "tess2-sys"
version = "0.0.1"
source = "git+https://github.com/piaoger/tess2-sys.git?branch=devel#eb71a1507dacdf4194eb3867b5569d6ddb53d87d"
dependencies = [
 "cc 1.0.40 (registry+https://github.com/rust-lang/crates.io-index)",
]

[metadata]
"checksum cc 1.0.40 (registry+https://github.com/rust-lang/crates.io-index)" = "b548a4ee81fccb95919d4e22cfea83c7693ebfd78f0495493178db20b3139da7"
"checksum tess2-sys 0.0.1 (git+https://github.com/piaoger/tess2-sys.git?branch=devel)" = "<none>"
